
Microsoft Visual Studio Solution File, Format Version 12.00
# Visual Studio 15
VisualStudioVersion = 15.0.27703.2035
MinimumVisualStudioVersion = 10.0.40219.1
Project("{FAE04EC0-301F-11D3-BF4B-00C04F79EFBC}") = "cmdProject", "cmdProject\cmdProject.csproj", "{13053622-7F48-4CAC-BFFC-AF89D4129C51}"
EndProject
Global
	GlobalSection(SolutionConfigurationPlatforms) = preSolution
		Debug|Any CPU = Debug|Any CPU
		Release|Any CPU = Release|Any CPU
	EndGlobalSection
	GlobalSection(ProjectConfigurationPlatforms) = postSolution
		{13053622-7F48-4CAC-BFFC-AF89D4129C51}.Debug|Any CPU.ActiveCfg = Debug|Any CPU
		{13053622-7F48-4CAC-BFFC-AF89D4129C51}.Debug|Any CPU.Build.0 = Debug|Any CPU
		{13053622-7F48-4CAC-BFFC-AF89D4129C51}.Release|Any CPU.ActiveCfg = Release|Any CPU
		{13053622-7F48-4CAC-BFFC-AF89D4129C51}.Release|Any CPU.Build.0 = Release|Any CPU
	EndGlobalSection
	GlobalSection(SolutionProperties) = preSolution
		HideSolutionNode = FALSE
	EndGlobalSection
	GlobalSection(ExtensibilityGlobals) = postSolution
		SolutionGuid = {6A3C6CAB-0F00-40D3-A612-64EC030FD627}
	EndGlobalSection
EndGlobal
